
Microsoft Visual Studio Solution File, Format Version 12.00
# Visual Studio Version 17
VisualStudioVersion = 17.1.32328.378
MinimumVisualStudioVersion = 10.0.40219.1
Project("{FAE04EC0-301F-11D3-BF4B-00C04F79EFBC}") = "VdO2013SRCore", "VdO2013SRCore\VdO2013SRCore.csproj", "{9E2CB695-DE7B-42DB-89EC-BEEAAACE4713}"
EndProject
Project("{FAE04EC0-301F-11D3-BF4B-00C04F79EFBC}") = "VdO2013THCore", "VdO2013THCore\VdO2013THCore.csproj", "{3C3792AA-71E2-487F-BFA4-8001CEEC0508}"
EndProject
Project("{FAE04EC0-301F-11D3-BF4B-00C04F79EFBC}") = "VdO2013Core", "VdO2013Core\VdO2013Core.csproj", "{9EA3FEB2-D4AB-43DA-BBAB-7CB22201D120}"
EndProject
Project("{FAE04EC0-301F-11D3-BF4B-00C04F79EFBC}") = "MPLogHelper", "..\vdo_commons\MPLogHelper\MPLogHelper.csproj", "{9FC02D86-1111-43AE-9563-BEDF899DFF3D}"
EndProject
Project("{FAE04EC0-301F-11D3-BF4B-00C04F79EFBC}") = "MPExtensionMethods", "..\vdo_commons\MPExtensionMethods\MPExtensionMethods.csproj", "{BC3A162C-3BB1-4C63-A638-5D1F5515CC81}"
EndProject
Project("{FAE04EC0-301F-11D3-BF4B-00C04F79EFBC}") = "MPExceptionHelper", "..\vdo_commons\MPExceptionHelper\MPExceptionHelper.csproj", "{8B2DA659-390A-4F8C-A17F-2394FC7B8A20}"
EndProject
Project("{FAE04EC0-301F-11D3-BF4B-00C04F79EFBC}") = "MPExceptionHelper.UI", "..\vdo_commons\MPExceptionHelper.UI\MPExceptionHelper.UI.csproj", "{1AE8EAD0-EC4E-415A-9C7D-81CD4B8DDE4E}"
EndProject
Project("{FAE04EC0-301F-11D3-BF4B-00C04F79EFBC}") = "MPCommonRes", "..\vdo_commons\MPCommonRes\MPCommonRes.csproj", "{565D73D6-2229-4535-A661-E5F48CAE3A77}"
EndProject
Project("{FAE04EC0-301F-11D3-BF4B-00C04F79EFBC}") = "MPLogHelper.UI", "..\vdo_commons\MPLogHelper.UI\MPLogHelper.UI.csproj", "{406F0965-CF0B-4CCB-B1B3-20D4D70FA8DF}"
EndProject
Project("{FAE04EC0-301F-11D3-BF4B-00C04F79EFBC}") = "MPUtils", "..\vdo_commons\MPUtils\MPUtils.csproj", "{23B70AD9-9A13-4E6B-B718-6909760CE4F0}"
EndProject
Project("{FAE04EC0-301F-11D3-BF4B-00C04F79EFBC}") = "VdO2013EFDataCore", "VdO2013EFDataCore\VdO2013EFDataCore.csproj", "{6FA836DD-4BE7-42AF-9E8C-466B3D843871}"
EndProject
Project("{FAE04EC0-301F-11D3-BF4B-00C04F79EFBC}") = "VdO2013DataCore", "VdO2013DataCore\VdO2013DataCore.csproj", "{85669C2F-D9D5-4A50-ACDD-D2D336CCCF96}"
EndProject
Project("{FAE04EC0-301F-11D3-BF4B-00C04F79EFBC}") = "VdO2013WebReaderIMMOBILIAREdotIT", "VdO2013WebReaderIMMOBILIAREdotIT\VdO2013WebReaderIMMOBILIAREdotIT.csproj", "{84261213-1BF3-408B-ACE9-97194E6D8D1D}"
EndProject
Project("{FAE04EC0-301F-11D3-BF4B-00C04F79EFBC}") = "VdO2013Data", "VdO2013Data\VdO2013Data.csproj", "{0DCE2A5E-0E15-4590-B2E0-DA8AE01CB00F}"
EndProject
Project("{FAE04EC0-301F-11D3-BF4B-00C04F79EFBC}") = "VdO2013SR", "VdO2013SR\VdO2013SR.csproj", "{D3C64DC9-F5B7-4D4C-9827-06E692704F61}"
EndProject
Project("{FAE04EC0-301F-11D3-BF4B-00C04F79EFBC}") = "VdO2013RS", "VdO2013RS\VdO2013RS.csproj", "{AC2E85CA-1D68-418D-AEA0-B6B0F0BB9A53}"
EndProject
Project("{FAE04EC0-301F-11D3-BF4B-00C04F79EFBC}") = "VdO2013TH", "VdO2013TH\VdO2013TH.csproj", "{DC1FC1B0-BE84-4164-96CC-6606DE517F90}"
EndProject
Project("{FAE04EC0-301F-11D3-BF4B-00C04F79EFBC}") = "MPMailHelper", "..\vdo_commons\MPMailHelper\MPMailHelper.csproj", "{62D119E8-2271-4422-B71F-C895F50B3B83}"
EndProject
Project("{FAE04EC0-301F-11D3-BF4B-00C04F79EFBC}") = "VdO2013QRCode", "VdO2013QRCode\VdO2013QRCode.csproj", "{9B7E0E69-8327-43EC-A749-AA71F518816D}"
EndProject
Project("{FAE04EC0-301F-11D3-BF4B-00C04F79EFBC}") = "VdO2013WebReaderCASAdotIT", "VdO2013WebReaderCASAdotIT\VdO2013WebReaderCASAdotIT.csproj", "{5A1C22F9-5A1A-49FE-8083-6D95C769EDB9}"
EndProject
Global
	GlobalSection(SolutionConfigurationPlatforms) = preSolution
		Debug|Any CPU = Debug|Any CPU
		Release|Any CPU = Release|Any CPU
	EndGlobalSection
	GlobalSection(ProjectConfigurationPlatforms) = postSolution
		{9E2CB695-DE7B-42DB-89EC-BEEAAACE4713}.Debug|Any CPU.ActiveCfg = Debug|Any CPU
		{9E2CB695-DE7B-42DB-89EC-BEEAAACE4713}.Debug|Any CPU.Build.0 = Debug|Any CPU
		{9E2CB695-DE7B-42DB-89EC-BEEAAACE4713}.Release|Any CPU.ActiveCfg = Release|Any CPU
		{9E2CB695-DE7B-42DB-89EC-BEEAAACE4713}.Release|Any CPU.Build.0 = Release|Any CPU
		{3C3792AA-71E2-487F-BFA4-8001CEEC0508}.Debug|Any CPU.ActiveCfg = Debug|Any CPU
		{3C3792AA-71E2-487F-BFA4-8001CEEC0508}.Debug|Any CPU.Build.0 = Debug|Any CPU
		{3C3792AA-71E2-487F-BFA4-8001CEEC0508}.Release|Any CPU.ActiveCfg = Release|Any CPU
		{3C3792AA-71E2-487F-BFA4-8001CEEC0508}.Release|Any CPU.Build.0 = Release|Any CPU
		{9EA3FEB2-D4AB-43DA-BBAB-7CB22201D120}.Debug|Any CPU.ActiveCfg = Debug|Any CPU
		{9EA3FEB2-D4AB-43DA-BBAB-7CB22201D120}.Debug|Any CPU.Build.0 = Debug|Any CPU
		{9EA3FEB2-D4AB-43DA-BBAB-7CB22201D120}.Release|Any CPU.ActiveCfg = Release|Any CPU
		{9EA3FEB2-D4AB-43DA-BBAB-7CB22201D120}.Release|Any CPU.Build.0 = Release|Any CPU
		{9FC02D86-1111-43AE-9563-BEDF899DFF3D}.Debug|Any CPU.ActiveCfg = Debug|Any CPU
		{9FC02D86-1111-43AE-9563-BEDF899DFF3D}.Debug|Any CPU.Build.0 = Debug|Any CPU
		{9FC02D86-1111-43AE-9563-BEDF899DFF3D}.Release|Any CPU.ActiveCfg = Release|Any CPU
		{9FC02D86-1111-43AE-9563-BEDF899DFF3D}.Release|Any CPU.Build.0 = Release|Any CPU
		{BC3A162C-3BB1-4C63-A638-5D1F5515CC81}.Debug|Any CPU.ActiveCfg = Debug|Any CPU
		{BC3A162C-3BB1-4C63-A638-5D1F5515CC81}.Debug|Any CPU.Build.0 = Debug|Any CPU
		{BC3A162C-3BB1-4C63-A638-5D1F5515CC81}.Release|Any CPU.ActiveCfg = Release|Any CPU
		{BC3A162C-3BB1-4C63-A638-5D1F5515CC81}.Release|Any CPU.Build.0 = Release|Any CPU
		{8B2DA659-390A-4F8C-A17F-2394FC7B8A20}.Debug|Any CPU.ActiveCfg = Debug|Any CPU
		{8B2DA659-390A-4F8C-A17F-2394FC7B8A20}.Debug|Any CPU.Build.0 = Debug|Any CPU
		{8B2DA659-390A-4F8C-A17F-2394FC7B8A20}.Release|Any CPU.ActiveCfg = Release|Any CPU
		{8B2DA659-390A-4F8C-A17F-2394FC7B8A20}.Release|Any CPU.Build.0 = Release|Any CPU
		{1AE8EAD0-EC4E-415A-9C7D-81CD4B8DDE4E}.Debug|Any CPU.ActiveCfg = Debug|Any CPU
		{1AE8EAD0-EC4E-415A-9C7D-81CD4B8DDE4E}.Debug|Any CPU.Build.0 = Debug|Any CPU
		{1AE8EAD0-EC4E-415A-9C7D-81CD4B8DDE4E}.Release|Any CPU.ActiveCfg = Release|Any CPU
		{1AE8EAD0-EC4E-415A-9C7D-81CD4B8DDE4E}.Release|Any CPU.Build.0 = Release|Any CPU
		{565D73D6-2229-4535-A661-E5F48CAE3A77}.Debug|Any CPU.ActiveCfg = Debug|Any CPU
		{565D73D6-2229-4535-A661-E5F48CAE3A77}.Debug|Any CPU.Build.0 = Debug|Any CPU
		{565D73D6-2229-4535-A661-E5F48CAE3A77}.Release|Any CPU.ActiveCfg = Release|Any CPU
		{565D73D6-2229-4535-A661-E5F48CAE3A77}.Release|Any CPU.Build.0 = Release|Any CPU
		{406F0965-CF0B-4CCB-B1B3-20D4D70FA8DF}.Debug|Any CPU.ActiveCfg = Debug|Any CPU
		{406F0965-CF0B-4CCB-B1B3-20D4D70FA8DF}.Debug|Any CPU.Build.0 = Debug|Any CPU
		{406F0965-CF0B-4CCB-B1B3-20D4D70FA8DF}.Release|Any CPU.ActiveCfg = Release|Any CPU
		{406F0965-CF0B-4CCB-B1B3-20D4D70FA8DF}.Release|Any CPU.Build.0 = Release|Any CPU
		{23B70AD9-9A13-4E6B-B718-6909760CE4F0}.Debug|Any CPU.ActiveCfg = Debug|Any CPU
		{23B70AD9-9A13-4E6B-B718-6909760CE4F0}.Debug|Any CPU.Build.0 = Debug|Any CPU
		{23B70AD9-9A13-4E6B-B718-6909760CE4F0}.Release|Any CPU.ActiveCfg = Release|Any CPU
		{23B70AD9-9A13-4E6B-B718-6909760CE4F0}.Release|Any CPU.Build.0 = Release|Any CPU
		{6FA836DD-4BE7-42AF-9E8C-466B3D843871}.Debug|Any CPU.ActiveCfg = Debug|Any CPU
		{6FA836DD-4BE7-42AF-9E8C-466B3D843871}.Debug|Any CPU.Build.0 = Debug|Any CPU
		{6FA836DD-4BE7-42AF-9E8C-466B3D843871}.Release|Any CPU.ActiveCfg = Release|Any CPU
		{6FA836DD-4BE7-42AF-9E8C-466B3D843871}.Release|Any CPU.Build.0 = Release|Any CPU
		{85669C2F-D9D5-4A50-ACDD-D2D336CCCF96}.Debug|Any CPU.ActiveCfg = Debug|Any CPU
		{85669C2F-D9D5-4A50-ACDD-D2D336CCCF96}.Debug|Any CPU.Build.0 = Debug|Any CPU
		{85669C2F-D9D5-4A50-ACDD-D2D336CCCF96}.Release|Any CPU.ActiveCfg = Release|Any CPU
		{85669C2F-D9D5-4A50-ACDD-D2D336CCCF96}.Release|Any CPU.Build.0 = Release|Any CPU
		{84261213-1BF3-408B-ACE9-97194E6D8D1D}.Debug|Any CPU.ActiveCfg = Debug|Any CPU
		{84261213-1BF3-408B-ACE9-97194E6D8D1D}.Debug|Any CPU.Build.0 = Debug|Any CPU
		{84261213-1BF3-408B-ACE9-97194E6D8D1D}.Release|Any CPU.ActiveCfg = Release|Any CPU
		{84261213-1BF3-408B-ACE9-97194E6D8D1D}.Release|Any CPU.Build.0 = Release|Any CPU
		{0DCE2A5E-0E15-4590-B2E0-DA8AE01CB00F}.Debug|Any CPU.ActiveCfg = Debug|Any CPU
		{0DCE2A5E-0E15-4590-B2E0-DA8AE01CB00F}.Debug|Any CPU.Build.0 = Debug|Any CPU
		{0DCE2A5E-0E15-4590-B2E0-DA8AE01CB00F}.Release|Any CPU.ActiveCfg = Release|Any CPU
		{0DCE2A5E-0E15-4590-B2E0-DA8AE01CB00F}.Release|Any CPU.Build.0 = Release|Any CPU
		{D3C64DC9-F5B7-4D4C-9827-06E692704F61}.Debug|Any CPU.ActiveCfg = Debug|Any CPU
		{D3C64DC9-F5B7-4D4C-9827-06E692704F61}.Debug|Any CPU.Build.0 = Debug|Any CPU
		{D3C64DC9-F5B7-4D4C-9827-06E692704F61}.Release|Any CPU.ActiveCfg = Release|Any CPU
		{D3C64DC9-F5B7-4D4C-9827-06E692704F61}.Release|Any CPU.Build.0 = Release|Any CPU
		{AC2E85CA-1D68-418D-AEA0-B6B0F0BB9A53}.Debug|Any CPU.ActiveCfg = Debug|Any CPU
		{AC2E85CA-1D68-418D-AEA0-B6B0F0BB9A53}.Debug|Any CPU.Build.0 = Debug|Any CPU
		{AC2E85CA-1D68-418D-AEA0-B6B0F0BB9A53}.Release|Any CPU.ActiveCfg = Release|Any CPU
		{AC2E85CA-1D68-418D-AEA0-B6B0F0BB9A53}.Release|Any CPU.Build.0 = Release|Any CPU
		{DC1FC1B0-BE84-4164-96CC-6606DE517F90}.Debug|Any CPU.ActiveCfg = Debug|Any CPU
		{DC1FC1B0-BE84-4164-96CC-6606DE517F90}.Debug|Any CPU.Build.0 = Debug|Any CPU
		{DC1FC1B0-BE84-4164-96CC-6606DE517F90}.Release|Any CPU.ActiveCfg = Release|Any CPU
		{DC1FC1B0-BE84-4164-96CC-6606DE517F90}.Release|Any CPU.Build.0 = Release|Any CPU
		{62D119E8-2271-4422-B71F-C895F50B3B83}.Debug|Any CPU.ActiveCfg = Debug|Any CPU
		{62D119E8-2271-4422-B71F-C895F50B3B83}.Debug|Any CPU.Build.0 = Debug|Any CPU
		{62D119E8-2271-4422-B71F-C895F50B3B83}.Release|Any CPU.ActiveCfg = Release|Any CPU
		{62D119E8-2271-4422-B71F-C895F50B3B83}.Release|Any CPU.Build.0 = Release|Any CPU
		{9B7E0E69-8327-43EC-A749-AA71F518816D}.Debug|Any CPU.ActiveCfg = Debug|Any CPU
		{9B7E0E69-8327-43EC-A749-AA71F518816D}.Debug|Any CPU.Build.0 = Debug|Any CPU
		{9B7E0E69-8327-43EC-A749-AA71F518816D}.Release|Any CPU.ActiveCfg = Release|Any CPU
		{9B7E0E69-8327-43EC-A749-AA71F518816D}.Release|Any CPU.Build.0 = Release|Any CPU
		{5A1C22F9-5A1A-49FE-8083-6D95C769EDB9}.Debug|Any CPU.ActiveCfg = Debug|Any CPU
		{5A1C22F9-5A1A-49FE-8083-6D95C769EDB9}.Debug|Any CPU.Build.0 = Debug|Any CPU
		{5A1C22F9-5A1A-49FE-8083-6D95C769EDB9}.Release|Any CPU.ActiveCfg = Release|Any CPU
		{5A1C22F9-5A1A-49FE-8083-6D95C769EDB9}.Release|Any CPU.Build.0 = Release|Any CPU
	EndGlobalSection
	GlobalSection(SolutionProperties) = preSolution
		HideSolutionNode = FALSE
	EndGlobalSection
	GlobalSection(ExtensibilityGlobals) = postSolution
		SolutionGuid = {2CEB18C5-1A32-4455-BCC5-5AE10C17C9EB}
	EndGlobalSection
EndGlobal
