
Microsoft Visual Studio Solution File, Format Version 12.00
# Visual Studio Version 16
VisualStudioVersion = 16.0.29318.209
MinimumVisualStudioVersion = 10.0.40219.1
Project("{FAE04EC0-301F-11D3-BF4B-00C04F79EFBC}") = "VdO2013Core", "VdO2013Core\VdO2013Core.csproj", "{9EA3FEB2-D4AB-43DA-BBAB-7CB22201D120}"
EndProject
Project("{FAE04EC0-301F-11D3-BF4B-00C04F79EFBC}") = "VdO2013DataCore", "VdO2013DataCore\VdO2013DataCore.csproj", "{85669C2F-D9D5-4A50-ACDD-D2D336CCCF96}"
EndProject
Project("{FAE04EC0-301F-11D3-BF4B-00C04F79EFBC}") = "VdO2013SRCore", "VdO2013SRCore\VdO2013SRCore.csproj", "{9E2CB695-DE7B-42DB-89EC-BEEAAACE4713}"
EndProject
Project("{FAE04EC0-301F-11D3-BF4B-00C04F79EFBC}") = "VdO2013THCore", "VdO2013THCore\VdO2013THCore.csproj", "{3C3792AA-71E2-487F-BFA4-8001CEEC0508}"
EndProject
Project("{FAE04EC0-301F-11D3-BF4B-00C04F79EFBC}") = "VdO2013Main", "VdO2013Main\VdO2013Main.csproj", "{51C0E4AE-8231-4AF1-B267-6C00EC29A7AC}"
	ProjectSection(ProjectDependencies) = postProject
		{E262BDEE-49F1-4121-B186-E7E45EE40F2C} = {E262BDEE-49F1-4121-B186-E7E45EE40F2C}
	EndProjectSection
EndProject
Project("{FAE04EC0-301F-11D3-BF4B-00C04F79EFBC}") = "VdO2013Data", "VdO2013Data\VdO2013Data.csproj", "{0DCE2A5E-0E15-4590-B2E0-DA8AE01CB00F}"
EndProject
Project("{FAE04EC0-301F-11D3-BF4B-00C04F79EFBC}") = "VdO2013QRCode", "VdO2013QRCode\VdO2013QRCode.csproj", "{9B7E0E69-8327-43EC-A749-AA71F518816D}"
EndProject
Project("{FAE04EC0-301F-11D3-BF4B-00C04F79EFBC}") = "VdO2013SR", "VdO2013SR\VdO2013SR.csproj", "{D3C64DC9-F5B7-4D4C-9827-06E692704F61}"
EndProject
Project("{FAE04EC0-301F-11D3-BF4B-00C04F79EFBC}") = "VdO2013TH", "VdO2013TH\VdO2013TH.csproj", "{DC1FC1B0-BE84-4164-96CC-6606DE517F90}"
EndProject
Project("{FAE04EC0-301F-11D3-BF4B-00C04F79EFBC}") = "VdO2013WS", "VdO2013WS\VdO2013WS.csproj", "{85E57678-90E5-4770-88F7-45D0109CAE57}"
EndProject
Project("{FAE04EC0-301F-11D3-BF4B-00C04F79EFBC}") = "VdO2013RS", "VdO2013RS\VdO2013RS.csproj", "{AC2E85CA-1D68-418D-AEA0-B6B0F0BB9A53}"
EndProject
Project("{FAE04EC0-301F-11D3-BF4B-00C04F79EFBC}") = "VdO2013MainCore", "VdO2013MainCore\VdO2013MainCore.csproj", "{2EF35148-C968-4408-A28C-2FD6B6460411}"
EndProject
Project("{FAE04EC0-301F-11D3-BF4B-00C04F79EFBC}") = "VdO2013WebReaderIMMOBILIAREdotIT", "VdO2013WebReaderIMMOBILIAREdotIT\VdO2013WebReaderIMMOBILIAREdotIT.csproj", "{84261213-1BF3-408B-ACE9-97194E6D8D1D}"
EndProject
Project("{FAE04EC0-301F-11D3-BF4B-00C04F79EFBC}") = "VdO2013GCal", "VdO2013GCal\VdO2013GCal.csproj", "{B1DD26E6-224F-4AA9-938D-584F31470AC4}"
EndProject
Project("{FAE04EC0-301F-11D3-BF4B-00C04F79EFBC}") = "Volantino delle Offerte", "VdOMain\Volantino delle Offerte.csproj", "{2AFE1F90-0109-4CA2-94D3-8C6EE225C4C6}"
	ProjectSection(ProjectDependencies) = postProject
		{0DCE2A5E-0E15-4590-B2E0-DA8AE01CB00F} = {0DCE2A5E-0E15-4590-B2E0-DA8AE01CB00F}
		{2EF35148-C968-4408-A28C-2FD6B6460411} = {2EF35148-C968-4408-A28C-2FD6B6460411}
		{3C3792AA-71E2-487F-BFA4-8001CEEC0508} = {3C3792AA-71E2-487F-BFA4-8001CEEC0508}
		{51C0E4AE-8231-4AF1-B267-6C00EC29A7AC} = {51C0E4AE-8231-4AF1-B267-6C00EC29A7AC}
		{84261213-1BF3-408B-ACE9-97194E6D8D1D} = {84261213-1BF3-408B-ACE9-97194E6D8D1D}
		{85669C2F-D9D5-4A50-ACDD-D2D336CCCF96} = {85669C2F-D9D5-4A50-ACDD-D2D336CCCF96}
		{85E57678-90E5-4770-88F7-45D0109CAE57} = {85E57678-90E5-4770-88F7-45D0109CAE57}
		{9B7E0E69-8327-43EC-A749-AA71F518816D} = {9B7E0E69-8327-43EC-A749-AA71F518816D}
		{9E2CB695-DE7B-42DB-89EC-BEEAAACE4713} = {9E2CB695-DE7B-42DB-89EC-BEEAAACE4713}
		{9EA3FEB2-D4AB-43DA-BBAB-7CB22201D120} = {9EA3FEB2-D4AB-43DA-BBAB-7CB22201D120}
		{AC2E85CA-1D68-418D-AEA0-B6B0F0BB9A53} = {AC2E85CA-1D68-418D-AEA0-B6B0F0BB9A53}
		{B1DD26E6-224F-4AA9-938D-584F31470AC4} = {B1DD26E6-224F-4AA9-938D-584F31470AC4}
		{D3C64DC9-F5B7-4D4C-9827-06E692704F61} = {D3C64DC9-F5B7-4D4C-9827-06E692704F61}
		{DC1FC1B0-BE84-4164-96CC-6606DE517F90} = {DC1FC1B0-BE84-4164-96CC-6606DE517F90}
	EndProjectSection
EndProject
Project("{FAE04EC0-301F-11D3-BF4B-00C04F79EFBC}") = "VdO2013Products", "VdO2013Products\VdO2013Products.csproj", "{E262BDEE-49F1-4121-B186-E7E45EE40F2C}"
EndProject
Project("{FAE04EC0-301F-11D3-BF4B-00C04F79EFBC}") = "MPLibraryStubs", "MPLibraryStubs\MPLibraryStubs.csproj", "{1742BC16-29DA-4376-96A3-1225F95938E8}"
EndProject
Global
	GlobalSection(SolutionConfigurationPlatforms) = preSolution
		Debug|Any CPU = Debug|Any CPU
		Debug|x64 = Debug|x64
		Debug|x86 = Debug|x86
		Release|Any CPU = Release|Any CPU
		Release|x64 = Release|x64
		Release|x86 = Release|x86
	EndGlobalSection
	GlobalSection(ProjectConfigurationPlatforms) = postSolution
		{9EA3FEB2-D4AB-43DA-BBAB-7CB22201D120}.Debug|Any CPU.ActiveCfg = Debug|Any CPU
		{9EA3FEB2-D4AB-43DA-BBAB-7CB22201D120}.Debug|Any CPU.Build.0 = Debug|Any CPU
		{9EA3FEB2-D4AB-43DA-BBAB-7CB22201D120}.Debug|x64.ActiveCfg = Debug|Any CPU
		{9EA3FEB2-D4AB-43DA-BBAB-7CB22201D120}.Debug|x64.Build.0 = Debug|Any CPU
		{9EA3FEB2-D4AB-43DA-BBAB-7CB22201D120}.Debug|x86.ActiveCfg = Debug|Any CPU
		{9EA3FEB2-D4AB-43DA-BBAB-7CB22201D120}.Debug|x86.Build.0 = Debug|Any CPU
		{9EA3FEB2-D4AB-43DA-BBAB-7CB22201D120}.Release|Any CPU.ActiveCfg = Release|Any CPU
		{9EA3FEB2-D4AB-43DA-BBAB-7CB22201D120}.Release|Any CPU.Build.0 = Release|Any CPU
		{9EA3FEB2-D4AB-43DA-BBAB-7CB22201D120}.Release|x64.ActiveCfg = Release|Any CPU
		{9EA3FEB2-D4AB-43DA-BBAB-7CB22201D120}.Release|x64.Build.0 = Release|Any CPU
		{9EA3FEB2-D4AB-43DA-BBAB-7CB22201D120}.Release|x86.ActiveCfg = Release|Any CPU
		{9EA3FEB2-D4AB-43DA-BBAB-7CB22201D120}.Release|x86.Build.0 = Release|Any CPU
		{85669C2F-D9D5-4A50-ACDD-D2D336CCCF96}.Debug|Any CPU.ActiveCfg = Debug|Any CPU
		{85669C2F-D9D5-4A50-ACDD-D2D336CCCF96}.Debug|Any CPU.Build.0 = Debug|Any CPU
		{85669C2F-D9D5-4A50-ACDD-D2D336CCCF96}.Debug|x64.ActiveCfg = Debug|Any CPU
		{85669C2F-D9D5-4A50-ACDD-D2D336CCCF96}.Debug|x64.Build.0 = Debug|Any CPU
		{85669C2F-D9D5-4A50-ACDD-D2D336CCCF96}.Debug|x86.ActiveCfg = Debug|Any CPU
		{85669C2F-D9D5-4A50-ACDD-D2D336CCCF96}.Debug|x86.Build.0 = Debug|Any CPU
		{85669C2F-D9D5-4A50-ACDD-D2D336CCCF96}.Release|Any CPU.ActiveCfg = Release|Any CPU
		{85669C2F-D9D5-4A50-ACDD-D2D336CCCF96}.Release|Any CPU.Build.0 = Release|Any CPU
		{85669C2F-D9D5-4A50-ACDD-D2D336CCCF96}.Release|x64.ActiveCfg = Release|Any CPU
		{85669C2F-D9D5-4A50-ACDD-D2D336CCCF96}.Release|x64.Build.0 = Release|Any CPU
		{85669C2F-D9D5-4A50-ACDD-D2D336CCCF96}.Release|x86.ActiveCfg = Release|Any CPU
		{85669C2F-D9D5-4A50-ACDD-D2D336CCCF96}.Release|x86.Build.0 = Release|Any CPU
		{9E2CB695-DE7B-42DB-89EC-BEEAAACE4713}.Debug|Any CPU.ActiveCfg = Debug|Any CPU
		{9E2CB695-DE7B-42DB-89EC-BEEAAACE4713}.Debug|Any CPU.Build.0 = Debug|Any CPU
		{9E2CB695-DE7B-42DB-89EC-BEEAAACE4713}.Debug|x64.ActiveCfg = Debug|Any CPU
		{9E2CB695-DE7B-42DB-89EC-BEEAAACE4713}.Debug|x64.Build.0 = Debug|Any CPU
		{9E2CB695-DE7B-42DB-89EC-BEEAAACE4713}.Debug|x86.ActiveCfg = Debug|Any CPU
		{9E2CB695-DE7B-42DB-89EC-BEEAAACE4713}.Debug|x86.Build.0 = Debug|Any CPU
		{9E2CB695-DE7B-42DB-89EC-BEEAAACE4713}.Release|Any CPU.ActiveCfg = Release|Any CPU
		{9E2CB695-DE7B-42DB-89EC-BEEAAACE4713}.Release|Any CPU.Build.0 = Release|Any CPU
		{9E2CB695-DE7B-42DB-89EC-BEEAAACE4713}.Release|x64.ActiveCfg = Release|Any CPU
		{9E2CB695-DE7B-42DB-89EC-BEEAAACE4713}.Release|x64.Build.0 = Release|Any CPU
		{9E2CB695-DE7B-42DB-89EC-BEEAAACE4713}.Release|x86.ActiveCfg = Release|Any CPU
		{9E2CB695-DE7B-42DB-89EC-BEEAAACE4713}.Release|x86.Build.0 = Release|Any CPU
		{3C3792AA-71E2-487F-BFA4-8001CEEC0508}.Debug|Any CPU.ActiveCfg = Debug|Any CPU
		{3C3792AA-71E2-487F-BFA4-8001CEEC0508}.Debug|Any CPU.Build.0 = Debug|Any CPU
		{3C3792AA-71E2-487F-BFA4-8001CEEC0508}.Debug|x64.ActiveCfg = Debug|Any CPU
		{3C3792AA-71E2-487F-BFA4-8001CEEC0508}.Debug|x64.Build.0 = Debug|Any CPU
		{3C3792AA-71E2-487F-BFA4-8001CEEC0508}.Debug|x86.ActiveCfg = Debug|Any CPU
		{3C3792AA-71E2-487F-BFA4-8001CEEC0508}.Debug|x86.Build.0 = Debug|Any CPU
		{3C3792AA-71E2-487F-BFA4-8001CEEC0508}.Release|Any CPU.ActiveCfg = Release|Any CPU
		{3C3792AA-71E2-487F-BFA4-8001CEEC0508}.Release|Any CPU.Build.0 = Release|Any CPU
		{3C3792AA-71E2-487F-BFA4-8001CEEC0508}.Release|x64.ActiveCfg = Release|Any CPU
		{3C3792AA-71E2-487F-BFA4-8001CEEC0508}.Release|x64.Build.0 = Release|Any CPU
		{3C3792AA-71E2-487F-BFA4-8001CEEC0508}.Release|x86.ActiveCfg = Release|Any CPU
		{3C3792AA-71E2-487F-BFA4-8001CEEC0508}.Release|x86.Build.0 = Release|Any CPU
		{51C0E4AE-8231-4AF1-B267-6C00EC29A7AC}.Debug|Any CPU.ActiveCfg = Debug|Any CPU
		{51C0E4AE-8231-4AF1-B267-6C00EC29A7AC}.Debug|Any CPU.Build.0 = Debug|Any CPU
		{51C0E4AE-8231-4AF1-B267-6C00EC29A7AC}.Debug|x64.ActiveCfg = Debug|x64
		{51C0E4AE-8231-4AF1-B267-6C00EC29A7AC}.Debug|x64.Build.0 = Debug|x64
		{51C0E4AE-8231-4AF1-B267-6C00EC29A7AC}.Debug|x86.ActiveCfg = Debug|x86
		{51C0E4AE-8231-4AF1-B267-6C00EC29A7AC}.Debug|x86.Build.0 = Debug|x86
		{51C0E4AE-8231-4AF1-B267-6C00EC29A7AC}.Release|Any CPU.ActiveCfg = Release|Any CPU
		{51C0E4AE-8231-4AF1-B267-6C00EC29A7AC}.Release|Any CPU.Build.0 = Release|Any CPU
		{51C0E4AE-8231-4AF1-B267-6C00EC29A7AC}.Release|x64.ActiveCfg = Release|x64
		{51C0E4AE-8231-4AF1-B267-6C00EC29A7AC}.Release|x64.Build.0 = Release|x64
		{51C0E4AE-8231-4AF1-B267-6C00EC29A7AC}.Release|x86.ActiveCfg = Release|x86
		{51C0E4AE-8231-4AF1-B267-6C00EC29A7AC}.Release|x86.Build.0 = Release|x86
		{0DCE2A5E-0E15-4590-B2E0-DA8AE01CB00F}.Debug|Any CPU.ActiveCfg = Debug|Any CPU
		{0DCE2A5E-0E15-4590-B2E0-DA8AE01CB00F}.Debug|Any CPU.Build.0 = Debug|Any CPU
		{0DCE2A5E-0E15-4590-B2E0-DA8AE01CB00F}.Debug|x64.ActiveCfg = Debug|Any CPU
		{0DCE2A5E-0E15-4590-B2E0-DA8AE01CB00F}.Debug|x64.Build.0 = Debug|Any CPU
		{0DCE2A5E-0E15-4590-B2E0-DA8AE01CB00F}.Debug|x86.ActiveCfg = Debug|Any CPU
		{0DCE2A5E-0E15-4590-B2E0-DA8AE01CB00F}.Debug|x86.Build.0 = Debug|Any CPU
		{0DCE2A5E-0E15-4590-B2E0-DA8AE01CB00F}.Release|Any CPU.ActiveCfg = Release|Any CPU
		{0DCE2A5E-0E15-4590-B2E0-DA8AE01CB00F}.Release|Any CPU.Build.0 = Release|Any CPU
		{0DCE2A5E-0E15-4590-B2E0-DA8AE01CB00F}.Release|x64.ActiveCfg = Release|Any CPU
		{0DCE2A5E-0E15-4590-B2E0-DA8AE01CB00F}.Release|x64.Build.0 = Release|Any CPU
		{0DCE2A5E-0E15-4590-B2E0-DA8AE01CB00F}.Release|x86.ActiveCfg = Release|Any CPU
		{0DCE2A5E-0E15-4590-B2E0-DA8AE01CB00F}.Release|x86.Build.0 = Release|Any CPU
		{9B7E0E69-8327-43EC-A749-AA71F518816D}.Debug|Any CPU.ActiveCfg = Debug|Any CPU
		{9B7E0E69-8327-43EC-A749-AA71F518816D}.Debug|Any CPU.Build.0 = Debug|Any CPU
		{9B7E0E69-8327-43EC-A749-AA71F518816D}.Debug|x64.ActiveCfg = Debug|Any CPU
		{9B7E0E69-8327-43EC-A749-AA71F518816D}.Debug|x64.Build.0 = Debug|Any CPU
		{9B7E0E69-8327-43EC-A749-AA71F518816D}.Debug|x86.ActiveCfg = Debug|Any CPU
		{9B7E0E69-8327-43EC-A749-AA71F518816D}.Debug|x86.Build.0 = Debug|Any CPU
		{9B7E0E69-8327-43EC-A749-AA71F518816D}.Release|Any CPU.ActiveCfg = Release|Any CPU
		{9B7E0E69-8327-43EC-A749-AA71F518816D}.Release|Any CPU.Build.0 = Release|Any CPU
		{9B7E0E69-8327-43EC-A749-AA71F518816D}.Release|x64.ActiveCfg = Release|Any CPU
		{9B7E0E69-8327-43EC-A749-AA71F518816D}.Release|x64.Build.0 = Release|Any CPU
		{9B7E0E69-8327-43EC-A749-AA71F518816D}.Release|x86.ActiveCfg = Release|Any CPU
		{9B7E0E69-8327-43EC-A749-AA71F518816D}.Release|x86.Build.0 = Release|Any CPU
		{D3C64DC9-F5B7-4D4C-9827-06E692704F61}.Debug|Any CPU.ActiveCfg = Debug|Any CPU
		{D3C64DC9-F5B7-4D4C-9827-06E692704F61}.Debug|Any CPU.Build.0 = Debug|Any CPU
		{D3C64DC9-F5B7-4D4C-9827-06E692704F61}.Debug|x64.ActiveCfg = Debug|Any CPU
		{D3C64DC9-F5B7-4D4C-9827-06E692704F61}.Debug|x64.Build.0 = Debug|Any CPU
		{D3C64DC9-F5B7-4D4C-9827-06E692704F61}.Debug|x86.ActiveCfg = Debug|Any CPU
		{D3C64DC9-F5B7-4D4C-9827-06E692704F61}.Debug|x86.Build.0 = Debug|Any CPU
		{D3C64DC9-F5B7-4D4C-9827-06E692704F61}.Release|Any CPU.ActiveCfg = Release|Any CPU
		{D3C64DC9-F5B7-4D4C-9827-06E692704F61}.Release|Any CPU.Build.0 = Release|Any CPU
		{D3C64DC9-F5B7-4D4C-9827-06E692704F61}.Release|x64.ActiveCfg = Release|Any CPU
		{D3C64DC9-F5B7-4D4C-9827-06E692704F61}.Release|x64.Build.0 = Release|Any CPU
		{D3C64DC9-F5B7-4D4C-9827-06E692704F61}.Release|x86.ActiveCfg = Release|Any CPU
		{D3C64DC9-F5B7-4D4C-9827-06E692704F61}.Release|x86.Build.0 = Release|Any CPU
		{DC1FC1B0-BE84-4164-96CC-6606DE517F90}.Debug|Any CPU.ActiveCfg = Debug|Any CPU
		{DC1FC1B0-BE84-4164-96CC-6606DE517F90}.Debug|Any CPU.Build.0 = Debug|Any CPU
		{DC1FC1B0-BE84-4164-96CC-6606DE517F90}.Debug|x64.ActiveCfg = Debug|Any CPU
		{DC1FC1B0-BE84-4164-96CC-6606DE517F90}.Debug|x64.Build.0 = Debug|Any CPU
		{DC1FC1B0-BE84-4164-96CC-6606DE517F90}.Debug|x86.ActiveCfg = Debug|Any CPU
		{DC1FC1B0-BE84-4164-96CC-6606DE517F90}.Debug|x86.Build.0 = Debug|Any CPU
		{DC1FC1B0-BE84-4164-96CC-6606DE517F90}.Release|Any CPU.ActiveCfg = Release|Any CPU
		{DC1FC1B0-BE84-4164-96CC-6606DE517F90}.Release|Any CPU.Build.0 = Release|Any CPU
		{DC1FC1B0-BE84-4164-96CC-6606DE517F90}.Release|x64.ActiveCfg = Release|Any CPU
		{DC1FC1B0-BE84-4164-96CC-6606DE517F90}.Release|x64.Build.0 = Release|Any CPU
		{DC1FC1B0-BE84-4164-96CC-6606DE517F90}.Release|x86.ActiveCfg = Release|Any CPU
		{DC1FC1B0-BE84-4164-96CC-6606DE517F90}.Release|x86.Build.0 = Release|Any CPU
		{85E57678-90E5-4770-88F7-45D0109CAE57}.Debug|Any CPU.ActiveCfg = Debug|Any CPU
		{85E57678-90E5-4770-88F7-45D0109CAE57}.Debug|Any CPU.Build.0 = Debug|Any CPU
		{85E57678-90E5-4770-88F7-45D0109CAE57}.Debug|x64.ActiveCfg = Debug|Any CPU
		{85E57678-90E5-4770-88F7-45D0109CAE57}.Debug|x64.Build.0 = Debug|Any CPU
		{85E57678-90E5-4770-88F7-45D0109CAE57}.Debug|x86.ActiveCfg = Debug|Any CPU
		{85E57678-90E5-4770-88F7-45D0109CAE57}.Debug|x86.Build.0 = Debug|Any CPU
		{85E57678-90E5-4770-88F7-45D0109CAE57}.Release|Any CPU.ActiveCfg = Release|Any CPU
		{85E57678-90E5-4770-88F7-45D0109CAE57}.Release|Any CPU.Build.0 = Release|Any CPU
		{85E57678-90E5-4770-88F7-45D0109CAE57}.Release|x64.ActiveCfg = Release|Any CPU
		{85E57678-90E5-4770-88F7-45D0109CAE57}.Release|x64.Build.0 = Release|Any CPU
		{85E57678-90E5-4770-88F7-45D0109CAE57}.Release|x86.ActiveCfg = Release|Any CPU
		{85E57678-90E5-4770-88F7-45D0109CAE57}.Release|x86.Build.0 = Release|Any CPU
		{AC2E85CA-1D68-418D-AEA0-B6B0F0BB9A53}.Debug|Any CPU.ActiveCfg = Debug|Any CPU
		{AC2E85CA-1D68-418D-AEA0-B6B0F0BB9A53}.Debug|Any CPU.Build.0 = Debug|Any CPU
		{AC2E85CA-1D68-418D-AEA0-B6B0F0BB9A53}.Debug|x64.ActiveCfg = Debug|Any CPU
		{AC2E85CA-1D68-418D-AEA0-B6B0F0BB9A53}.Debug|x64.Build.0 = Debug|Any CPU
		{AC2E85CA-1D68-418D-AEA0-B6B0F0BB9A53}.Debug|x86.ActiveCfg = Debug|Any CPU
		{AC2E85CA-1D68-418D-AEA0-B6B0F0BB9A53}.Debug|x86.Build.0 = Debug|Any CPU
		{AC2E85CA-1D68-418D-AEA0-B6B0F0BB9A53}.Release|Any CPU.ActiveCfg = Release|Any CPU
		{AC2E85CA-1D68-418D-AEA0-B6B0F0BB9A53}.Release|Any CPU.Build.0 = Release|Any CPU
		{AC2E85CA-1D68-418D-AEA0-B6B0F0BB9A53}.Release|x64.ActiveCfg = Release|Any CPU
		{AC2E85CA-1D68-418D-AEA0-B6B0F0BB9A53}.Release|x64.Build.0 = Release|Any CPU
		{AC2E85CA-1D68-418D-AEA0-B6B0F0BB9A53}.Release|x86.ActiveCfg = Release|Any CPU
		{AC2E85CA-1D68-418D-AEA0-B6B0F0BB9A53}.Release|x86.Build.0 = Release|Any CPU
		{2EF35148-C968-4408-A28C-2FD6B6460411}.Debug|Any CPU.ActiveCfg = Debug|Any CPU
		{2EF35148-C968-4408-A28C-2FD6B6460411}.Debug|Any CPU.Build.0 = Debug|Any CPU
		{2EF35148-C968-4408-A28C-2FD6B6460411}.Debug|x64.ActiveCfg = Debug|Any CPU
		{2EF35148-C968-4408-A28C-2FD6B6460411}.Debug|x64.Build.0 = Debug|Any CPU
		{2EF35148-C968-4408-A28C-2FD6B6460411}.Debug|x86.ActiveCfg = Debug|Any CPU
		{2EF35148-C968-4408-A28C-2FD6B6460411}.Debug|x86.Build.0 = Debug|Any CPU
		{2EF35148-C968-4408-A28C-2FD6B6460411}.Release|Any CPU.ActiveCfg = Release|Any CPU
		{2EF35148-C968-4408-A28C-2FD6B6460411}.Release|Any CPU.Build.0 = Release|Any CPU
		{2EF35148-C968-4408-A28C-2FD6B6460411}.Release|x64.ActiveCfg = Release|Any CPU
		{2EF35148-C968-4408-A28C-2FD6B6460411}.Release|x64.Build.0 = Release|Any CPU
		{2EF35148-C968-4408-A28C-2FD6B6460411}.Release|x86.ActiveCfg = Release|Any CPU
		{2EF35148-C968-4408-A28C-2FD6B6460411}.Release|x86.Build.0 = Release|Any CPU
		{84261213-1BF3-408B-ACE9-97194E6D8D1D}.Debug|Any CPU.ActiveCfg = Debug|Any CPU
		{84261213-1BF3-408B-ACE9-97194E6D8D1D}.Debug|Any CPU.Build.0 = Debug|Any CPU
		{84261213-1BF3-408B-ACE9-97194E6D8D1D}.Debug|x64.ActiveCfg = Debug|Any CPU
		{84261213-1BF3-408B-ACE9-97194E6D8D1D}.Debug|x64.Build.0 = Debug|Any CPU
		{84261213-1BF3-408B-ACE9-97194E6D8D1D}.Debug|x86.ActiveCfg = Debug|Any CPU
		{84261213-1BF3-408B-ACE9-97194E6D8D1D}.Debug|x86.Build.0 = Debug|Any CPU
		{84261213-1BF3-408B-ACE9-97194E6D8D1D}.Release|Any CPU.ActiveCfg = Release|Any CPU
		{84261213-1BF3-408B-ACE9-97194E6D8D1D}.Release|Any CPU.Build.0 = Release|Any CPU
		{84261213-1BF3-408B-ACE9-97194E6D8D1D}.Release|x64.ActiveCfg = Release|Any CPU
		{84261213-1BF3-408B-ACE9-97194E6D8D1D}.Release|x64.Build.0 = Release|Any CPU
		{84261213-1BF3-408B-ACE9-97194E6D8D1D}.Release|x86.ActiveCfg = Release|Any CPU
		{84261213-1BF3-408B-ACE9-97194E6D8D1D}.Release|x86.Build.0 = Release|Any CPU
		{B1DD26E6-224F-4AA9-938D-584F31470AC4}.Debug|Any CPU.ActiveCfg = Debug|Any CPU
		{B1DD26E6-224F-4AA9-938D-584F31470AC4}.Debug|Any CPU.Build.0 = Debug|Any CPU
		{B1DD26E6-224F-4AA9-938D-584F31470AC4}.Debug|x64.ActiveCfg = Debug|Any CPU
		{B1DD26E6-224F-4AA9-938D-584F31470AC4}.Debug|x64.Build.0 = Debug|Any CPU
		{B1DD26E6-224F-4AA9-938D-584F31470AC4}.Debug|x86.ActiveCfg = Debug|Any CPU
		{B1DD26E6-224F-4AA9-938D-584F31470AC4}.Debug|x86.Build.0 = Debug|Any CPU
		{B1DD26E6-224F-4AA9-938D-584F31470AC4}.Release|Any CPU.ActiveCfg = Release|Any CPU
		{B1DD26E6-224F-4AA9-938D-584F31470AC4}.Release|Any CPU.Build.0 = Release|Any CPU
		{B1DD26E6-224F-4AA9-938D-584F31470AC4}.Release|x64.ActiveCfg = Release|Any CPU
		{B1DD26E6-224F-4AA9-938D-584F31470AC4}.Release|x64.Build.0 = Release|Any CPU
		{B1DD26E6-224F-4AA9-938D-584F31470AC4}.Release|x86.ActiveCfg = Release|Any CPU
		{B1DD26E6-224F-4AA9-938D-584F31470AC4}.Release|x86.Build.0 = Release|Any CPU
		{2AFE1F90-0109-4CA2-94D3-8C6EE225C4C6}.Debug|Any CPU.ActiveCfg = Debug|Any CPU
		{2AFE1F90-0109-4CA2-94D3-8C6EE225C4C6}.Debug|Any CPU.Build.0 = Debug|Any CPU
		{2AFE1F90-0109-4CA2-94D3-8C6EE225C4C6}.Debug|x64.ActiveCfg = Debug|x64
		{2AFE1F90-0109-4CA2-94D3-8C6EE225C4C6}.Debug|x64.Build.0 = Debug|x64
		{2AFE1F90-0109-4CA2-94D3-8C6EE225C4C6}.Debug|x86.ActiveCfg = Debug|x86
		{2AFE1F90-0109-4CA2-94D3-8C6EE225C4C6}.Debug|x86.Build.0 = Debug|x86
		{2AFE1F90-0109-4CA2-94D3-8C6EE225C4C6}.Release|Any CPU.ActiveCfg = Release|Any CPU
		{2AFE1F90-0109-4CA2-94D3-8C6EE225C4C6}.Release|Any CPU.Build.0 = Release|Any CPU
		{2AFE1F90-0109-4CA2-94D3-8C6EE225C4C6}.Release|x64.ActiveCfg = Release|x64
		{2AFE1F90-0109-4CA2-94D3-8C6EE225C4C6}.Release|x64.Build.0 = Release|x64
		{2AFE1F90-0109-4CA2-94D3-8C6EE225C4C6}.Release|x86.ActiveCfg = Release|x86
		{2AFE1F90-0109-4CA2-94D3-8C6EE225C4C6}.Release|x86.Build.0 = Release|x86
		{E262BDEE-49F1-4121-B186-E7E45EE40F2C}.Debug|Any CPU.ActiveCfg = Debug|Any CPU
		{E262BDEE-49F1-4121-B186-E7E45EE40F2C}.Debug|Any CPU.Build.0 = Debug|Any CPU
		{E262BDEE-49F1-4121-B186-E7E45EE40F2C}.Debug|x64.ActiveCfg = Debug|Any CPU
		{E262BDEE-49F1-4121-B186-E7E45EE40F2C}.Debug|x64.Build.0 = Debug|Any CPU
		{E262BDEE-49F1-4121-B186-E7E45EE40F2C}.Debug|x86.ActiveCfg = Debug|Any CPU
		{E262BDEE-49F1-4121-B186-E7E45EE40F2C}.Debug|x86.Build.0 = Debug|Any CPU
		{E262BDEE-49F1-4121-B186-E7E45EE40F2C}.Release|Any CPU.ActiveCfg = Release|Any CPU
		{E262BDEE-49F1-4121-B186-E7E45EE40F2C}.Release|Any CPU.Build.0 = Release|Any CPU
		{E262BDEE-49F1-4121-B186-E7E45EE40F2C}.Release|x64.ActiveCfg = Release|Any CPU
		{E262BDEE-49F1-4121-B186-E7E45EE40F2C}.Release|x64.Build.0 = Release|Any CPU
		{E262BDEE-49F1-4121-B186-E7E45EE40F2C}.Release|x86.ActiveCfg = Release|Any CPU
		{E262BDEE-49F1-4121-B186-E7E45EE40F2C}.Release|x86.Build.0 = Release|Any CPU
		{1742BC16-29DA-4376-96A3-1225F95938E8}.Debug|Any CPU.ActiveCfg = Debug|Any CPU
		{1742BC16-29DA-4376-96A3-1225F95938E8}.Debug|Any CPU.Build.0 = Debug|Any CPU
		{1742BC16-29DA-4376-96A3-1225F95938E8}.Debug|x64.ActiveCfg = Debug|Any CPU
		{1742BC16-29DA-4376-96A3-1225F95938E8}.Debug|x64.Build.0 = Debug|Any CPU
		{1742BC16-29DA-4376-96A3-1225F95938E8}.Debug|x86.ActiveCfg = Debug|Any CPU
		{1742BC16-29DA-4376-96A3-1225F95938E8}.Debug|x86.Build.0 = Debug|Any CPU
		{1742BC16-29DA-4376-96A3-1225F95938E8}.Release|Any CPU.ActiveCfg = Release|Any CPU
		{1742BC16-29DA-4376-96A3-1225F95938E8}.Release|Any CPU.Build.0 = Release|Any CPU
		{1742BC16-29DA-4376-96A3-1225F95938E8}.Release|x64.ActiveCfg = Release|Any CPU
		{1742BC16-29DA-4376-96A3-1225F95938E8}.Release|x64.Build.0 = Release|Any CPU
		{1742BC16-29DA-4376-96A3-1225F95938E8}.Release|x86.ActiveCfg = Release|Any CPU
		{1742BC16-29DA-4376-96A3-1225F95938E8}.Release|x86.Build.0 = Release|Any CPU
	EndGlobalSection
	GlobalSection(SolutionProperties) = preSolution
		HideSolutionNode = FALSE
	EndGlobalSection
	GlobalSection(ExtensibilityGlobals) = postSolution
		SolutionGuid = {43F09D39-101F-4B9F-96AD-44A37F381D94}
	EndGlobalSection
EndGlobal
